# This file is generated by running "yarn install" inside your project.
# Manual changes might be lost - proceed with caution!

__metadata:
  version: 8
  cacheKey: 10c0

"containerbase@workspace:.":
  version: 0.0.0-use.local
  resolution: "containerbase@workspace:."
  dependencies:
    documentation-website: "npm:^1.0.341"
  languageName: unknown
  linkType: soft

"documentation-website@npm:^1.0.341":
  version: 1.0.341
  resolution: "documentation-website@npm:1.0.341"
  bin:
    documentation-website: build/deploy.js
  checksum: 10c0/e6ff1356002e8e872cb1ae354c6ca506f107ba75929c59af89cc37452ca44747971be39bcdbb48b23af36804d0d683952bdaf7810f0a4752f39ec52e2e39c0aa
  languageName: node
  linkType: hard
