# This file is generated by running "yarn install" inside your project.
# Manual changes might be lost - proceed with caution!

__metadata:
  version: 8
  cacheKey: 10c0

"containerbase@workspace:.":
  version: 0.0.0-use.local
  resolution: "containerbase@workspace:."
  dependencies:
    documentation-website: "npm:^1.0.333"
  languageName: unknown
  linkType: soft

"documentation-website@npm:^1.0.333":
  version: 1.0.333
  resolution: "documentation-website@npm:1.0.333"
  bin:
    documentation-website: build/deploy.js
  checksum: 10c0/e2470f9cd1c7e2ef987b8be75afb0187b982b4782f636069edd28a22553ebddb8ec8ccd9b204c911285a77ac56b7fdd2923080b7b6fa8e90ffa790bb23b0e8df
  languageName: node
  linkType: hard
