# THIS IS AN AUTOGENERATED FILE. DO NOT EDIT THIS FILE DIRECTLY.
# yarn lockfile v1


documentation-website@*:
  version "1.0.305"
  resolved "https://registry.yarnpkg.com/documentation-website/-/documentation-website-1.0.305.tgz#2c3339a784f0d6353aba66787610bc51b9ecd7e9"
  integrity sha512-a9VZ/q1ITFN2Re4eV6VAFQnjzj+rdJkh3Lp5NMMFmlCrs0m2M5Xjw4s9pOIvxBT9jUtMiU/zu+9v5sC2kxxJrw==
